// !$*UTF8*$!
{
	archiveVersion = 1;
	classes = {
	};
	objectVersion = 46;
	objects = {

/* Begin PBXBuildFile section */
		22407D2E166F6D9500E1EAD4 /* NSURL+IFUnicodeURL.m in Sources */ = {isa = PBXBuildFile; fileRef = 22407D2D166F6D9500E1EAD4 /* NSURL+IFUnicodeURL.m */; };
		22407D32166F6DD400E1EAD4 /* TestIFUnicodeURL.m in Sources */ = {isa = PBXBuildFile; fileRef = 22407D31166F6DD400E1EAD4 /* TestIFUnicodeURL.m */; };
		22407D34166F6FB300E1EAD4 /* UnitTests.plist in Resources */ = {isa = PBXBuildFile; fileRef = 22407D33166F6FB300E1EAD4 /* UnitTests.plist */; };
		22407D37166F6FBB00E1EAD4 /* InfoPlist.strings in Resources */ = {isa = PBXBuildFile; fileRef = 22407D35166F6FBB00E1EAD4 /* InfoPlist.strings */; };
		22407D41166F721200E1EAD4 /* nameprep.c in Sources */ = {isa = PBXBuildFile; fileRef = 22407D39166F721100E1EAD4 /* nameprep.c */; };
		22407D42166F721200E1EAD4 /* puny.c in Sources */ = {isa = PBXBuildFile; fileRef = 22407D3B166F721200E1EAD4 /* puny.c */; };
		22407D43166F721200E1EAD4 /* toxxx.c in Sources */ = {isa = PBXBuildFile; fileRef = 22407D3D166F721200E1EAD4 /* toxxx.c */; };
		22407D44166F721200E1EAD4 /* util.c in Sources */ = {isa = PBXBuildFile; fileRef = 22407D3F166F721200E1EAD4 /* util.c */; };
		EE83867C13897644005E0FFD /* Cocoa.framework in Frameworks */ = {isa = PBXBuildFile; fileRef = EE83867B13897644005E0FFD /* Cocoa.framework */; };
/* End PBXBuildFile section */

/* Begin PBXFileReference section */
		22407D2C166F6D9500E1EAD4 /* NSURL+IFUnicodeURL.h */ = {isa = PBXFileReference; fileEncoding = 4; lastKnownFileType = sourcecode.c.h; path = "NSURL+IFUnicodeURL.h"; sourceTree = "<group>"; };
		22407D2D166F6D9500E1EAD4 /* NSURL+IFUnicodeURL.m */ = {isa = PBXFileReference; fileEncoding = 4; lastKnownFileType = sourcecode.c.objc; path = "NSURL+IFUnicodeURL.m"; sourceTree = "<group>"; };
		22407D31166F6DD400E1EAD4 /* TestIFUnicodeURL.m */ = {isa = PBXFileReference; fileEncoding = 4; lastKnownFileType = sourcecode.c.objc; path = TestIFUnicodeURL.m; sourceTree = "<group>"; };
		22407D33166F6FB300E1EAD4 /* UnitTests.plist */ = {isa = PBXFileReference; fileEncoding = 4; lastKnownFileType = text.plist.xml; path = UnitTests.plist; sourceTree = "<group>"; };
		22407D36166F6FBB00E1EAD4 /* en */ = {isa = PBXFileReference; lastKnownFileType = text.plist.strings; name = en; path = en.lproj/InfoPlist.strings; sourceTree = "<group>"; };
		22407D38166F6FFC00E1EAD4 /* UnitTests.pch */ = {isa = PBXFileReference; fileEncoding = 4; lastKnownFileType = sourcecode.c.h; path = UnitTests.pch; sourceTree = "<group>"; };
		22407D39166F721100E1EAD4 /* nameprep.c */ = {isa = PBXFileReference; fileEncoding = 4; lastKnownFileType = sourcecode.c.c; name = nameprep.c; path = IDNSDK/nameprep.c; sourceTree = "<group>"; };
		22407D3A166F721200E1EAD4 /* nameprep.h */ = {isa = PBXFileReference; fileEncoding = 4; lastKnownFileType = sourcecode.c.h; name = nameprep.h; path = IDNSDK/nameprep.h; sourceTree = "<group>"; };
		22407D3B166F721200E1EAD4 /* puny.c */ = {isa = PBXFileReference; fileEncoding = 4; lastKnownFileType = sourcecode.c.c; name = puny.c; path = IDNSDK/puny.c; sourceTree = "<group>"; };
		22407D3C166F721200E1EAD4 /* puny.h */ = {isa = PBXFileReference; fileEncoding = 4; lastKnownFileType = sourcecode.c.h; name = puny.h; path = IDNSDK/puny.h; sourceTree = "<group>"; };
		22407D3D166F721200E1EAD4 /* toxxx.c */ = {isa = PBXFileReference; fileEncoding = 4; lastKnownFileType = sourcecode.c.c; name = toxxx.c; path = IDNSDK/toxxx.c; sourceTree = "<group>"; };
		22407D3E166F721200E1EAD4 /* toxxx.h */ = {isa = PBXFileReference; fileEncoding = 4; lastKnownFileType = sourcecode.c.h; name = toxxx.h; path = IDNSDK/toxxx.h; sourceTree = "<group>"; };
		22407D3F166F721200E1EAD4 /* util.c */ = {isa = PBXFileReference; fileEncoding = 4; lastKnownFileType = sourcecode.c.c; name = util.c; path = IDNSDK/util.c; sourceTree = "<group>"; };
		22407D40166F721200E1EAD4 /* util.h */ = {isa = PBXFileReference; fileEncoding = 4; lastKnownFileType = sourcecode.c.h; name = util.h; path = IDNSDK/util.h; sourceTree = "<group>"; };
		EE83867813897644005E0FFD /* UnitTests.octest */ = {isa = PBXFileReference; explicitFileType = wrapper.cfbundle; includeInIndex = 0; path = UnitTests.octest; sourceTree = BUILT_PRODUCTS_DIR; };
		EE83867B13897644005E0FFD /* Cocoa.framework */ = {isa = PBXFileReference; lastKnownFileType = wrapper.framework; name = Cocoa.framework; path = System/Library/Frameworks/Cocoa.framework; sourceTree = SDKROOT; };
		EE83867E13897644005E0FFD /* AppKit.framework */ = {isa = PBXFileReference; lastKnownFileType = wrapper.framework; name = AppKit.framework; path = System/Library/Frameworks/AppKit.framework; sourceTree = SDKROOT; };
		EE83868013897644005E0FFD /* Foundation.framework */ = {isa = PBXFileReference; lastKnownFileType = wrapper.framework; name = Foundation.framework; path = System/Library/Frameworks/Foundation.framework; sourceTree = SDKROOT; };
/* End PBXFileReference section */

/* Begin PBXFrameworksBuildPhase section */
		EE83867413897644005E0FFD /* Frameworks */ = {
			isa = PBXFrameworksBuildPhase;
			buildActionMask = 2147483647;
			files = (
				EE83867C13897644005E0FFD /* Cocoa.framework in Frameworks */,
			);
			runOnlyForDeploymentPostprocessing = 0;
		};
/* End PBXFrameworksBuildPhase section */

/* Begin PBXGroup section */
		22407D2F166F6DD400E1EAD4 /* UnitTests */ = {
			isa = PBXGroup;
			children = (
				22407D31166F6DD400E1EAD4 /* TestIFUnicodeURL.m */,
				22407D33166F6FB300E1EAD4 /* UnitTests.plist */,
				22407D35166F6FBB00E1EAD4 /* InfoPlist.strings */,
				22407D38166F6FFC00E1EAD4 /* UnitTests.pch */,
			);
			path = UnitTests;
			sourceTree = "<group>";
		};
		EE83866A13897613005E0FFD = {
			isa = PBXGroup;
			children = (
				22407D2C166F6D9500E1EAD4 /* NSURL+IFUnicodeURL.h */,
				22407D2D166F6D9500E1EAD4 /* NSURL+IFUnicodeURL.m */,
				22407D39166F721100E1EAD4 /* nameprep.c */,
				22407D3A166F721200E1EAD4 /* nameprep.h */,
				22407D3B166F721200E1EAD4 /* puny.c */,
				22407D3C166F721200E1EAD4 /* puny.h */,
				22407D3D166F721200E1EAD4 /* toxxx.c */,
				22407D3E166F721200E1EAD4 /* toxxx.h */,
				22407D3F166F721200E1EAD4 /* util.c */,
				22407D40166F721200E1EAD4 /* util.h */,
				22407D2F166F6DD400E1EAD4 /* UnitTests */,
				EE83867A13897644005E0FFD /* Frameworks */,
				EE83867913897644005E0FFD /* Products */,
			);
			sourceTree = "<group>";
		};
		EE83867913897644005E0FFD /* Products */ = {
			isa = PBXGroup;
			children = (
				EE83867813897644005E0FFD /* UnitTests.octest */,
			);
			name = Products;
			sourceTree = "<group>";
		};
		EE83867A13897644005E0FFD /* Frameworks */ = {
			isa = PBXGroup;
			children = (
				EE83867B13897644005E0FFD /* Cocoa.framework */,
				EE83867D13897644005E0FFD /* Other Frameworks */,
			);
			name = Frameworks;
			sourceTree = "<group>";
		};
		EE83867D13897644005E0FFD /* Other Frameworks */ = {
			isa = PBXGroup;
			children = (
				EE83867E13897644005E0FFD /* AppKit.framework */,
				EE83868013897644005E0FFD /* Foundation.framework */,
			);
			name = "Other Frameworks";
			sourceTree = "<group>";
		};
/* End PBXGroup section */

/* Begin PBXNativeTarget section */
		EE83867713897644005E0FFD /* UnitTests */ = {
			isa = PBXNativeTarget;
			buildConfigurationList = EE83868C13897644005E0FFD /* Build configuration list for PBXNativeTarget "UnitTests" */;
			buildPhases = (
				EE83867313897644005E0FFD /* Sources */,
				EE83867413897644005E0FFD /* Frameworks */,
				EE83867513897644005E0FFD /* Resources */,
				EE83867613897644005E0FFD /* ShellScript */,
			);
			buildRules = (
			);
			dependencies = (
			);
			name = UnitTests;
			productName = TestKSFileUtilities;
			productReference = EE83867813897644005E0FFD /* UnitTests.octest */;
			productType = "com.apple.product-type.bundle";
		};
/* End PBXNativeTarget section */

/* Begin PBXProject section */
		EE83866C13897613005E0FFD /* Project object */ = {
			isa = PBXProject;
			attributes = {
				LastUpgradeCheck = 0440;
				ORGANIZATIONNAME = "Jungle Candy Software";
			};
			buildConfigurationList = EE83866F13897613005E0FFD /* Build configuration list for PBXProject "IFUnicodeURL" */;
			compatibilityVersion = "Xcode 3.2";
			developmentRegion = English;
			hasScannedForEncodings = 0;
			knownRegions = (
				en,
			);
			mainGroup = EE83866A13897613005E0FFD;
			productRefGroup = EE83867913897644005E0FFD /* Products */;
			projectDirPath = "";
			projectRoot = "";
			targets = (
				EE83867713897644005E0FFD /* UnitTests */,
			);
		};
/* End PBXProject section */

/* Begin PBXResourcesBuildPhase section */
		EE83867513897644005E0FFD /* Resources */ = {
			isa = PBXResourcesBuildPhase;
			buildActionMask = 2147483647;
			files = (
				22407D34166F6FB300E1EAD4 /* UnitTests.plist in Resources */,
				22407D37166F6FBB00E1EAD4 /* InfoPlist.strings in Resources */,
			);
			runOnlyForDeploymentPostprocessing = 0;
		};
/* End PBXResourcesBuildPhase section */

/* Begin PBXShellScriptBuildPhase section */
		EE83867613897644005E0FFD /* ShellScript */ = {
			isa = PBXShellScriptBuildPhase;
			buildActionMask = 2147483647;
			files = (
			);
			inputPaths = (
			);
			outputPaths = (
			);
			runOnlyForDeploymentPostprocessing = 0;
			shellPath = /bin/sh;
			shellScript = "# Run the unit tests in this test bundle.\n\"${SYSTEM_DEVELOPER_DIR}/Tools/RunUnitTests\"\n";
		};
/* End PBXShellScriptBuildPhase section */

/* Begin PBXSourcesBuildPhase section */
		EE83867313897644005E0FFD /* Sources */ = {
			isa = PBXSourcesBuildPhase;
			buildActionMask = 2147483647;
			files = (
				22407D2E166F6D9500E1EAD4 /* NSURL+IFUnicodeURL.m in Sources */,
				22407D32166F6DD400E1EAD4 /* TestIFUnicodeURL.m in Sources */,
				22407D41166F721200E1EAD4 /* nameprep.c in Sources */,
				22407D42166F721200E1EAD4 /* puny.c in Sources */,
				22407D43166F721200E1EAD4 /* toxxx.c in Sources */,
				22407D44166F721200E1EAD4 /* util.c in Sources */,
			);
			runOnlyForDeploymentPostprocessing = 0;
		};
/* End PBXSourcesBuildPhase section */

/* Begin PBXVariantGroup section */
		22407D35166F6FBB00E1EAD4 /* InfoPlist.strings */ = {
			isa = PBXVariantGroup;
			children = (
				22407D36166F6FBB00E1EAD4 /* en */,
			);
			name = InfoPlist.strings;
			sourceTree = "<group>";
		};
/* End PBXVariantGroup section */

/* Begin XCBuildConfiguration section */
		EE83867113897614005E0FFD /* Debug */ = {
			isa = XCBuildConfiguration;
			buildSettings = {
				RUN_CLANG_STATIC_ANALYZER = YES;
			};
			name = Debug;
		};
		EE83867213897614005E0FFD /* Release */ = {
			isa = XCBuildConfiguration;
			buildSettings = {
				GCC_VERSION = com.apple.compilers.llvm.clang.1_0;
				RUN_CLANG_STATIC_ANALYZER = YES;
			};
			name = Release;
		};
		EE83868D13897644005E0FFD /* Debug */ = {
			isa = XCBuildConfiguration;
			buildSettings = {
				ALWAYS_SEARCH_USER_PATHS = NO;
				ARCHS = "$(ARCHS_STANDARD_32_64_BIT)";
				COMBINE_HIDPI_IMAGES = YES;
				COPY_PHASE_STRIP = NO;
				FRAMEWORK_SEARCH_PATHS = "$(DEVELOPER_LIBRARY_DIR)/Frameworks";
				GCC_C_LANGUAGE_STANDARD = gnu99;
				GCC_DYNAMIC_NO_PIC = NO;
				GCC_ENABLE_OBJC_EXCEPTIONS = YES;
				GCC_OPTIMIZATION_LEVEL = 0;
				GCC_PRECOMPILE_PREFIX_HEADER = YES;
				GCC_PREFIX_HEADER = UnitTests/UnitTests.pch;
				GCC_PREPROCESSOR_DEFINITIONS = DEBUG;
				GCC_SYMBOLS_PRIVATE_EXTERN = NO;
				GCC_WARN_64_TO_32_BIT_CONVERSION = YES;
				GCC_WARN_ABOUT_RETURN_TYPE = YES;
				GCC_WARN_UNUSED_VARIABLE = YES;
				HEADER_SEARCH_PATHS = "$(SOURCE_ROOT)";
				INFOPLIST_FILE = UnitTests/UnitTests.plist;
				MACOSX_DEPLOYMENT_TARGET = 10.6;
				ONLY_ACTIVE_ARCH = YES;
				OTHER_LDFLAGS = (
					"-framework",
					SenTestingKit,
				);
				PRODUCT_NAME = "$(TARGET_NAME)";
				SDKROOT = macosx;
				WRAPPER_EXTENSION = octest;
			};
			name = Debug;
		};
		EE83868E13897644005E0FFD /* Release */ = {
			isa = XCBuildConfiguration;
			buildSettings = {
				ALWAYS_SEARCH_USER_PATHS = NO;
				ARCHS = "$(ARCHS_STANDARD_32_64_BIT)";
				COMBINE_HIDPI_IMAGES = YES;
				COPY_PHASE_STRIP = YES;
				DEBUG_INFORMATION_FORMAT = "dwarf-with-dsym";
				FRAMEWORK_SEARCH_PATHS = "$(DEVELOPER_LIBRARY_DIR)/Frameworks";
				GCC_C_LANGUAGE_STANDARD = gnu99;
				GCC_ENABLE_OBJC_EXCEPTIONS = YES;
				GCC_PRECOMPILE_PREFIX_HEADER = YES;
				GCC_PREFIX_HEADER = UnitTests/UnitTests.pch;
				GCC_VERSION = com.apple.compilers.llvm.clang.1_0;
				GCC_WARN_64_TO_32_BIT_CONVERSION = YES;
				GCC_WARN_ABOUT_RETURN_TYPE = YES;
				GCC_WARN_UNUSED_VARIABLE = YES;
				HEADER_SEARCH_PATHS = "$(SOURCE_ROOT)";
				INFOPLIST_FILE = UnitTests/UnitTests.plist;
				MACOSX_DEPLOYMENT_TARGET = 10.6;
				OTHER_LDFLAGS = (
					"-framework",
					SenTestingKit,
				);
				PRODUCT_NAME = "$(TARGET_NAME)";
				SDKROOT = macosx;
				WRAPPER_EXTENSION = octest;
			};
			name = Release;
		};
/* End XCBuildConfiguration section */

/* Begin XCConfigurationList section */
		EE83866F13897613005E0FFD /* Build configuration list for PBXProject "IFUnicodeURL" */ = {
			isa = XCConfigurationList;
			buildConfigurations = (
				EE83867113897614005E0FFD /* Debug */,
				EE83867213897614005E0FFD /* Release */,
			);
			defaultConfigurationIsVisible = 0;
			defaultConfigurationName = Release;
		};
		EE83868C13897644005E0FFD /* Build configuration list for PBXNativeTarget "UnitTests" */ = {
			isa = XCConfigurationList;
			buildConfigurations = (
				EE83868D13897644005E0FFD /* Debug */,
				EE83868E13897644005E0FFD /* Release */,
			);
			defaultConfigurationIsVisible = 0;
			defaultConfigurationName = Release;
		};
/* End XCConfigurationList section */
	};
	rootObject = EE83866C13897613005E0FFD /* Project object */;
}
